PATH
  remote: .
  specs:
    podcast_api (3.0.0)
      httparty (>= 0.24.1, < 0.25)

GEM
  remote: https://rubygems.org/
  specs:
    addressable (2.9.0)
      public_suffix (>= 2.0.2, < 8.0)
    bigdecimal (4.1.3)
    crack (1.0.1)
      bigdecimal
      rexml
    csv (3.3.6)
    hashdiff (1.2.1)
    httparty (0.24.1)
      csv
      mini_mime (>= 1.0.0)
      multi_xml (>= 0.5.2)
    mini_mime (1.1.5)
    multi_xml (0.9.1)
      bigdecimal (>= 3.1, < 5)
    power_assert (3.1.0)
    public_suffix (7.0.5)
    rake (13.4.1)
    rexml (3.4.4)
    test-unit (3.7.7)
      power_assert
    webmock (3.26.3)
      addressable (>= 2.8.0)
      crack (>= 0.3.2)
      hashdiff (>= 0.4.0, < 2.0.0)

PLATFORMS
  aarch64-linux
  arm64-darwin
  ruby
  x86_64-darwin
  x86_64-linux

DEPENDENCIES
  httparty (= 0.24.1)
  podcast_api!
  rake (= 13.4.1)
  test-unit (= 3.7.7)
  webmock (= 3.26.3)

BUNDLED WITH
  4.0.20
